<?xml version="1.0" encoding="utf-8"?>
<Project ToolsVersion="4.0" xmlns="http://schemas.microsoft.com/developer/msbuild/2003">
  <ItemGroup>
    <Filter Include="Petalume">
      <UniqueIdentifier>{62B3AEC4-4E80-09D0-7799-F77763C53E5E}</UniqueIdentifier>
    </Filter>
    <Filter Include="Petalume\Events">
      <UniqueIdentifier>{067D7039-7208-DEFD-7B19-61F2E7233AFE}</UniqueIdentifier>
    </Filter>
  </ItemGroup>
  <ItemGroup>
    <ClInclude Include="src\Petalume.h" />
    <ClInclude Include="src\Petalume\Application.h">
      <Filter>Petalume</Filter>
    </ClInclude>
    <ClInclude Include="src\Petalume\Core.h">
      <Filter>Petalume</Filter>
    </ClInclude>
    <ClInclude Include="src\Petalume\EntryPoint.h">
      <Filter>Petalume</Filter>
    </ClInclude>
    <ClInclude Include="src\Petalume\Events\ApplicationEvent.h">
      <Filter>Petalume\Events</Filter>
    </ClInclude>
    <ClInclude Include="src\Petalume\Events\Event.h">
      <Filter>Petalume\Events</Filter>
    </ClInclude>
    <ClInclude Include="src\Petalume\Events\KeyEvent.h">
      <Filter>Petalume\Events</Filter>
    </ClInclude>
    <ClInclude Include="src\Petalume\Events\MouseEvent.h">
      <Filter>Petalume\Events</Filter>
    </ClInclude>
    <ClInclude Include="src\Petalume\Log.h">
      <Filter>Petalume</Filter>
    </ClInclude>
    <ClInclude Include="src\plpch.h" />
  </ItemGroup>
  <ItemGroup>
    <ClCompile Include="src\Petalume\Application.cpp">
      <Filter>Petalume</Filter>
    </ClCompile>
    <ClCompile Include="src\Petalume\Log.cpp">
      <Filter>Petalume</Filter>
    </ClCompile>
    <ClCompile Include="src\plpch.cpp" />
  </ItemGroup>
</Project>